"version": "4.1.18",
      "resolved": "https://registry.npmjs.org/@tailwindcss/oxide/-/oxide-4.1.18.tgz",
      "integrity": "sha512-EgCR5tTS5bUSKQgzeMClT6iCY3ToqE1y+ZB0AKldj809QXk1Y+3jB0upOYZrn9aGIzPt==",
      "license": "MIT",
      "engines": {
        "node": ">=18.18.0"
      }
    },
    "node_modules/@tailwindcss/postcss": {
      "version": "4.1.18",
      "resolved": "https://registry.npmjs.org/@tailwindcss/postcss/-/postcss-4.1.18.tgz",
      "integrity": "sha512-78V3uUlj7mSPrZAtpbbIdSdgInSIsI9L0S1GvW0uA9mOnrJ8S6mY0yS4L7z3l0Y5855U9I10n3Rj6G8/6l8Q==",
      "license": "MIT",
      "dependencies": {
        "@tailwindcss/node": "4.1.18",
        "@tailwindcss/oxide": "4.1.18",
        "lightningcss": "1.30.2",
        "postcss": "^8.5.1",
        "tailwindcss": "4.1.18"
      },
      "peerDependencies": {
        "postcss": "^8.5.1"
      }
    },
    "node_modules/@tybys/wasm-util": {
      "version": "0.10.0",
      "resolved": "https://registry.npmjs.org/@tybys/wasm-util/-/wasm-util-0.10.0.tgz",
      "integrity": "sha512-6Wf9vclMofXN29xY8u7HCH+oTOf8U7v2GvO2Xm0/X0uOclF4E7Y3R9V7K2D16T4uR85R9S99WreKst2jL5Jpw==",
      "license": "MIT",
      "optional": true,
      "dependencies": {
        "tslib": "^2.4.0"
      }
    },
    "node_modules/@types/json-schema": {
      "version": "7.0.15",
      "resolved": "https://registry.npmjs.org/@types/json-schema/-/json-schema-7.0.15.tgz",
      "integrity": "sha512-58q8CbMe3qS9H4W67I5T6fU7YfS8I4OQY9Yf8U5A4O6fX/G6M3U7f0i1O2G8Y5m6f/6f6f6f6f6f6f6f6f6f6fA==",
      "dev": true,
      "license": "MIT"
    },
    "node_modules/@types/node": {
      "version": "20.17.16",
      "resolved": "https://registry.npmjs.org/@types/node/-/node-20.17.16.tgz",
      "integrity": "sha512-v6S+4fD578Y3oI7S6U2D6D3Vp3fM8M78Y6Yf9X5R5u6e7f8M29g5e6f3G6f5f5f5f5f5f5f5f5f5f5f5f5f5f5f5Q==",
      "dev": true,
      "license": "MIT",
      "dependencies": {
        "undici-types": "~6.19.2"
      }
    },
    "node_modules/@types/react": {
      "version": "19.0.8",
      "resolved": "https://registry.npmjs.org/@types/react/-/react-19.0.8.tgz",
      "integrity": "sha512-Y3U6fP6O6jshI8XWp0J89yX5fH0/P7OidatW8KfA28S1Oq0V66V6o0zK3P7x8V9fS7L9I9H5rUf1g6M6f5f5f5g==",
      "dev": true,
      "license": "MIT",
      "dependencies": {
        "csstype": "^3.0.2"
      }
    },
    "node_modules/@types/react-dom": {
      "version": "19.0.3",
      "resolved": "https://registry.npmjs.org/@types/react-dom/-/react-dom-19.0.3.tgz",
      "integrity": "sha512-0X6fF0vKj6fM0vA5z0X0Z9GzR5zO3Mv6f6f6f6f6f6f6f6f6f6f6f6f6f6f6f6f6f6f6f6f6f6f6f6f6f6f6f6fA==",
      "dev": true,
      "license": "MIT",
      "peerDependencies": {
        "@types/react": "*"
      }
    },
    "node_modules/tailwindcss": {
      "version": "4.1.18",
      "resolved": "https://registry.npmjs.org/tailwindcss/-/tailwindcss-4.1.18.tgz",
      "integrity": "sha512-jA8pC9TfI3sS5X6M0X9p2M9gM9jW0mG6S8jO9X9/9m9m9m9m9m9m9m9m9m9m9m9m9m9m9m9m9m9m9m9m9m9m9m9mQ==",
      "license": "MIT",
      "bin": {
        "tailwindcss": "lib/cli.js"
      }
    },
    "node_modules/typescript": {
      "version": "5.7.3",
      "resolved": "https://registry.npmjs.org/typescript/-/typescript-5.7.3.tgz",
      "integrity": "sha512-v6S+4fD578Y3oI7S6U2D6D3Vp3fM8M78Y6Yf9X5R5u6e7f8M29g5e6f3G6f5f5f5f5f5f5f5f5f5f5f5f5f5f5f5Q==",
      "dev": true,
      "license": "Apache-2.0",
      "bin": {
        "tsc": "bin/tsc",
        "tsserver": "bin/tsserver"
      },
      "engines": {
        "node": ">=14.17"
      }
    }
  }
}