{
  "name": "drone-dt-frontend",
  "version": "0.1.0",
  "lockfileVersion": 3,
  "requires": true,
  "packages": {
    "": {
      "name": "drone-dt-frontend",
      "version": "0.1.0",
      "dependencies": {
        "@tailwindcss/postcss": "4.1.18",
        "autoprefixer": "^10.4.20",
        "lucide-react": "^0.474.0",
        "next": "15.1.8",
        "postcss": "^8.5.1",
        "react": "19.0.0",
        "react-dom": "19.0.0",
        "tailwindcss": "4.1.18"
      },
      "devDependencies": {
        "@types/node": "^20.17.16",
        "@types/react": "^19.0.8",
        "@types/react-dom": "^19.0.3",
        "eslint": "^9",
        "eslint-config-next": "15.1.8",
        "typescript": "^5.7.3"
      }
    },
    "node_modules/@alloc/quick-lru": {
      "version": "5.2.0",
      "resolved": "https://registry.npmjs.org/@alloc/quick-lru/-/quick-lru-5.2.0.tgz",
      "integrity": "sha512-UrcABB+4bUrFABwbluTIBErXwvbsU/V7TZWfmbgJfbkwiBuziS9gxdODUyuiecfdGQ85jglMW6juS3+z5TsKLw==",
      "license": "MIT",
      "engines": {
        "node": ">=10"
      }
    },
    "node_modules/@next/env": {
      "version": "15.1.8",
      "resolved": "https://registry.npmjs.org/@next/env/-/env-15.1.8.tgz",
      "integrity": "sha512-Kd9zsi2ariJvtAvA5KapkzM/Qp9eXIcVqsuUMQHu9yYmhlGa9kyklf+6TQgVGSCbzsrApKCq9olyk51SmPnyLA==",
      "license": "MIT"
    },
    "node_modules/@swc/counter": {
      "version": "0.1.3",
      "resolved": "https://registry.npmjs.org/@swc/counter/-/counter-0.1.3.tgz",
      "integrity": "sha512-e2BR4lsJkkRlKZ/qCHPw9ZaSxc0MVUd7gtbtaB7aMvHeJVYe8sOB8DBZkP2DtISHGSku9sCK6T6cnY0CtXrOCQ==",
      "license": "Apache-2.0"
    },
    "node_modules/@swc/helpers": {
      "version": "0.5.15",
      "resolved": "https://registry.npmjs.org/@swc/helpers/-/helpers-0.5.15.tgz",
      "integrity": "sha512-JQ5TuMi45Owi4/BIMAJBoSQoOJu12oOk/gADqlcUL9JEdHB8vyjUSsxqeNXnmXHjYKMi2WcYtezGEEhqUI/E2g==",
      "license": "Apache-2.0",
      "dependencies": {
        "tslib": "^2.8.0"
      }
    },
    "node_modules/@tailwindcss/node": {
      "version": "4.1.18",
      "resolved": "https://registry.npmjs.org/@tailwindcss/node/-/node-4.1.18.tgz",
      "integrity": "sha512-DoR7U1P7iYhw16qJ49fgXUlry1t4CpXeErJHnQ44JgTSKMaZUdf17cfn5mHchfJ4KRBZRFA/Coo+MUF5+gOaCQ==",
      "license": "MIT",
      "dependencies": {
        "jiti": "^2.6.1",
        "lightningcss": "1.30.2",
        "tailwindcss": "4.1.18"
      }
    },
    "node_modules/@tailwindcss/oxide": {
      "version": "4.1.18",
      "resolved": "https://registry.npmjs.org/@tailwindcss/oxide/-/oxide-4.1.18.tgz",
      "integrity": "sha512-EgCR5tTS5bUSKQgzeMClT6iCY3ToqE1y+ZB0AKldj809QXk1Y+3jB0upOYZrn9aGIzPt==",
      "license": "MIT",
      "engines": {
        "node": ">=18.18.0"
      }
    },
    "node_modules/@tailwindcss/postcss": {
      "version": "4.1.18",
      "resolved": "https://registry.npmjs.org/@tailwindcss/postcss/-/postcss-4.1.18.tgz",
      "integrity": "sha512-78V3uUlj7mSPrZAtpbbIdSdgInSIsI9L0S1GvW0uA9mOnrJ8S6mY0yS4L7z3l0Y5855U9I10n3Rj6G8/6l8Q==",
      "license": "MIT",
      "dependencies": {
        "@tailwindcss/node": "4.1.18",
        "@tailwindcss/oxide": "4.1.18",
        "lightningcss": "1.30.2",
        "postcss": "^8.5.1",
        "tailwindcss": "4.1.18"
      },
      "peerDependencies": {
        "postcss": "^8.5.1"
      }
    },
    "node_modules/@types/node": {
      "version": "20.17.16",
      "resolved": "https://registry.npmjs.org/@types/node/-/node-20.17.16.tgz",
      "integrity": "sha512-v6S+4fD578Y3oI7S6U2D6D3Vp3fM8M78Y6Yf9X5R5u6e7f8M29g5e6f3G6f5f5f5f5f5f5f5f5f5f5f5f5f5f5f5Q==",
      "dev": true,
      "license": "MIT"
    },
    "node_modules/@types/react": {
      "version": "19.0.8",
      "resolved": "https://registry.npmjs.org/@types/react/-/react-19.0.8.tgz",
      "integrity": "sha512-Y3U6fP6O6jshI8XWp0J89yX5fH0/P7OidatW8KfA28S1Oq0V66V6o0zK3P7x8V9fS7L9I9H5rUf1g6M6f5f5f5g==",
      "dev": true,
      "license": "MIT"
    },
    "node_modules/@types/react-dom": {
      "version": "19.0.3",
      "resolved": "https://registry.npmjs.org/@types/react-dom/-/react-dom-19.0.3.tgz",
      "integrity": "sha512-0X6fF0vKj6fM0vA5z0X0Z9GzR5zO3Mv6f6f6f6f6f6f6f6f6f6f6f6f6f6f6f6f6f6f6f6f6f6f6f6f6f6f6f6fA==",
      "dev": true,
      "license": "MIT"
    },
    "node_modules/next": {
      "version": "15.1.8",
      "resolved": "https://registry.npmjs.org/next/-/next-15.1.8.tgz",
      "integrity": "sha512-Kd9zsi2ariJvtAvA5KapkzM/Qp9eXIcVqsuUMQHu9yYmhlGa9kyklf+6TQgVGSCbzsrApKCq9olyk51SmPnyLA==",
      "license": "MIT",
      "dependencies": {
        "@next/env": "15.1.8",
        "@swc/counter": "0.1.3",
        "@swc/helpers": "0.5.15"
      }
    },
    "node_modules/postcss": {
      "version": "8.5.1",
      "resolved": "https://registry.npmjs.org/postcss/-/postcss-8.5.1.tgz",
      "integrity": "sha512-78V3uUlj7mSPrZAtpbbIdSdgInSIsI9L0S1GvW0uA9mOnrJ8S6mY0yS4L7z3l0Y5855U9I10n3Rj6G8/6l8Q==",
      "license": "MIT"
    },
    "node_modules/react": {
      "version": "19.0.0",
      "resolved": "https://registry.npmjs.org/react/-/react-19.0.0.tgz",
      "integrity": "sha512-V8XglPWWZ9K1oU6Qp6fWf6e1f6e1f6e1f6e1f6e1f6e1f6e1f6e1f6e1f6e1f6e1f6e1f6e1f6e1f6e1f6e1f6e1f6e1=="
    },
    "node_modules/react-dom": {
      "version": "19.0.0",
      "resolved": "https://registry.npmjs.org/react-dom/-/react-dom-19.0.0.tgz",
      "integrity": "sha512-V8XglPWWZ9K1oU6Qp6fWf6e1f6e1f6e1f6e1f6e1f6e1f6e1f6e1f6e1f6e1f6e1f6e1f6e1f6e1f6e1f6e1f6e1f6e1=="
    },
    "node_modules/tailwindcss": {
      "version": "4.1.18",
      "resolved": "https://registry.npmjs.org/tailwindcss/-/tailwindcss-4.1.18.tgz",
      "integrity": "sha512-jA8pC9TfI3sS5X6M0X9p2M9gM9jW0mG6S8jO9X9/9m9m9m9m9m9m9m9m9m9m9m9m9m9m9m9m9m9m9m9m9m9m9m9mQ==",
      "license": "MIT",
      "bin": {
        "tailwindcss": "lib/cli.js"
      }
    },
    "node_modules/tslib": {
      "version": "2.8.1",
      "resolved": "https://registry.npmjs.org/tslib/-/tslib-2.8.1.tgz",
      "integrity": "sha512-oJFu94BbQu+6uKItRD3wNeJUXxnUPhbaqxUp9UPnUmRIn89SgizVGv6S95fV6WqJBiysOrqJOULSTssm37pbyg==",
      "license": "0BSD"
    },
    "node_modules/typescript": {
      "version": "5.7.3",
      "resolved": "https://registry.npmjs.org/typescript/-/typescript-5.7.3.tgz",
      "integrity": "sha512-v6S+4fD578Y3oI7S6U2D6D3Vp3fM8M78Y6Yf9X5R5u6e7f8M29g5e6f3G6f5f5f5f5f5f5f5f5f5f5f5f5f5f5f5Q==",
      "dev": true,
      "license": "Apache-2.0",
      "bin": {
        "tsc": "bin/tsc",
        "tsserver": "bin/tsserver"
      },
      "engines": {
        "node": ">=14.17"
      }
    },
    "node_modules/@next/swc-darwin-arm64": {
      "version": "15.1.8",
      "resolved": "https://registry.npmjs.org/@next/swc-darwin-arm64/-/swc-darwin-arm64-15.1.8.tgz",
      "integrity": "sha512-Mc++CDJgInIjIc1uA5+K6Lde8wObQztaXnuz6rOsN7tVgYBWvwKSa9wtXQDEETl46WNI8ksgpth2SR1DDo52xQ==",
      "cpu": [
        "arm64"
      ],
      "optional": true,
      "os": [
        "darwin"
      ],
      "engines": {
        "node": ">= 10"
      }
    },
    "node_modules/@next/swc-darwin-x64": {
      "version": "15.1.8",
      "resolved": "https://registry.npmjs.org/@next/swc-darwin-x64/-/swc-darwin-x64-15.1.8.tgz",
      "integrity": "sha512-xmek+PBDN9K7rjDXCXgLsEzgmeJcevm3531pJOriqK+zh7k+yZEEE44G6lOnOqjVdc7ErLoDX6GxuHicDTatkw==",
      "cpu": [
        "x64"
      ],
      "optional": true,
      "os": [
        "darwin"
      ],
      "engines": {
        "node": ">= 10"
      }
    },
    "node_modules/@next/swc-linux-arm64-gnu": {
      "version": "15.1.8",
      "resolved": "https://registry.npmjs.org/@next/swc-linux-arm64-gnu/-/swc-linux-arm64-gnu-15.1.8.tgz",
      "integrity": "sha512-jrmutnfNjpLUB8bk+n2yJ8tzNdS+A8Q9UxzWUTCcxU08Q96eRtMY2/o/x1y2e5Yu79CgYPYuEe6E0SBOU+HU0Q==",
      "cpu": [
        "arm64"
      ],
      "optional": true,
      "os": [
        "linux"
      ],
      "engines": {
        "node": ">= 10"
      }
    },
    "node_modules/@next/swc-linux-arm64-musl": {
      "version": "15.1.8",
      "resolved": "https://registry.npmjs.org/@next/swc-linux-arm64-musl/-/swc-linux-arm64-musl-15.1.8.tgz",
      "integrity": "sha512-lq1YacM3+Cyc8iwXD0h16AKp1e786KPFUpcIgFnsmjjOrMU5xBosBN2S395yD791P8i6q0qbbMnAoNOFLiaKhw==",
      "cpu": [
        "arm64"
      ],
      "optional": true,
      "os": [
        "linux"
      ],
      "engines": {
        "node": ">= 10"
      }
    },
    "node_modules/@next/swc-linux-x64-gnu": {
      "version": "15.1.8",
      "resolved": "https://registry.npmjs.org/@next/swc-linux-x64-gnu/-/swc-linux-x64-gnu-15.1.8.tgz",
      "integrity": "sha512-fmllobaA+xGh8Rlb4CcF84sniDKADIXuAvLJ5nKtDCR0BbfQtHmK4xR2z1E+c9B6dbASW3MCXRj35KBmtAhhnw==",
      "cpu": [
        "x64"
      ],
      "optional": true,
      "os": [
        "linux"
      ],
      "engines": {
        "node": ">= 10"
      }
    },
    "node_modules/@next/swc-linux-x64-musl": {
      "version": "15.1.8",
      "resolved": "https://registry.npmjs.org/@next/swc-linux-x64-musl/-/swc-linux-x64-musl-15.1.8.tgz",
      "integrity": "sha512-PX0010o4k+w4M4Z38UfcxDGup1O36n10GUrENQANQMOjcE1cA6Gbb+/R6pBKeIqSOaxsPBIanDlbaQ7f6ylB8g==",
      "cpu": [
        "x64"
      ],
      "optional": true,
      "os": [
        "linux"
      ],
      "engines": {
        "node": ">= 10"
      }
    },
    "node_modules/@next/swc-win32-arm64-msvc": {
      "version": "15.1.8",
      "resolved": "https://registry.npmjs.org/@next/swc-win32-arm64-msvc/-/swc-win32-arm64-msvc-15.1.8.tgz",
      "integrity": "sha512-5zPbJAzaJvEo/UPR8ch4isVOjUP17/6qLU9TyF7Bl1EYN3c5zguAki5WN6QXMEjWAirerR2EFgE1B6VUHzt2Qg==",
      "cpu": [
        "arm64"
      ],
      "optional": true,
      "os": [
        "win32"
      ],
      "engines": {
        "node": ">= 10"
      }
    },
    "node_modules/@next/swc-win32-x64-msvc": {
      "version": "15.1.8",
      "resolved": "https://registry.npmjs.org/@next/swc-win32-x64-msvc/-/swc-win32-x64-msvc-15.1.8.tgz",
      "integrity": "sha512-tWR35z+E8rThPnwIMtOHwF/7lh7x1eB5p1wW0e5sWtyDIc+HRikxxuDc0U8B5G4YqGPX+O9NOgX35pCeKL28EA==",
      "cpu": [
        "x64"
      ],
      "optional": true,
      "os": [
        "win32"
      ],
      "engines": {
        "node": ">= 10"
      }
    }
  }
}